
Microsoft Visual Studio Solution File, Format Version 12.00
# Visual Studio Version 17
VisualStudioVersion = 17.5.33414.496
MinimumVisualStudioVersion = 10.0.40219.1
Project("{FAE04EC0-301F-11D3-BF4B-00C04F79EFBC}") = "DevExtremeAspNetCoreApp1", "DevExtremeAspNetCoreApp1\DevExtremeAspNetCoreApp1.csproj", "{FDE61FE7-201A-417F-BDA9-52DF9A4622BA}"
EndProject
Project("{2150E333-8FDC-42A3-9474-1A3956D46DE8}") = "DevExtreme NuGet.config", "DevExtreme NuGet.config", "{B1AFAB9C-BB73-4F40-9D8B-86A5871B8946}"
	ProjectSection(SolutionItems) = preProject
		NuGet.config = NuGet.config
	EndProjectSection
EndProject
Global
	GlobalSection(SolutionConfigurationPlatforms) = preSolution
		Debug|Any CPU = Debug|Any CPU
		Release|Any CPU = Release|Any CPU
	EndGlobalSection
	GlobalSection(ProjectConfigurationPlatforms) = postSolution
		{FDE61FE7-201A-417F-BDA9-52DF9A4622BA}.Debug|Any CPU.ActiveCfg = Debug|Any CPU
		{FDE61FE7-201A-417F-BDA9-52DF9A4622BA}.Debug|Any CPU.Build.0 = Debug|Any CPU
		{FDE61FE7-201A-417F-BDA9-52DF9A4622BA}.Release|Any CPU.ActiveCfg = Release|Any CPU
		{FDE61FE7-201A-417F-BDA9-52DF9A4622BA}.Release|Any CPU.Build.0 = Release|Any CPU
	EndGlobalSection
	GlobalSection(SolutionProperties) = preSolution
		HideSolutionNode = FALSE
	EndGlobalSection
	GlobalSection(ExtensibilityGlobals) = postSolution
		SolutionGuid = {39193C8E-2318-4AF2-BA9F-D947B9CAF580}
	EndGlobalSection
EndGlobal
